
Microsoft Visual Studio Solution File, Format Version 12.00
# Visual Studio Version 17
VisualStudioVersion = 17.1.32414.318
MinimumVisualStudioVersion = 10.0.40219.1
Project("{FAE04EC0-301F-11D3-BF4B-00C04F79EFBC}") = "PROG8170F23", "PROG8170F2022\PROG8170F23.csproj", "{6BFF7D82-1B51-409B-B6ED-514465C1947C}"
EndProject
Project("{FAE04EC0-301F-11D3-BF4B-00C04F79EFBC}") = "TemperatureTest", "TemperatureTest\TemperatureTest.csproj", "{E18FC9F4-49B7-4DF5-8795-E04331F05F7F}"
EndProject
Global
	GlobalSection(SolutionConfigurationPlatforms) = preSolution
		Debug|Any CPU = Debug|Any CPU
		Release|Any CPU = Release|Any CPU
	EndGlobalSection
	GlobalSection(ProjectConfigurationPlatforms) = postSolution
		{6BFF7D82-1B51-409B-B6ED-514465C1947C}.Debug|Any CPU.ActiveCfg = Debug|Any CPU
		{6BFF7D82-1B51-409B-B6ED-514465C1947C}.Debug|Any CPU.Build.0 = Debug|Any CPU
		{6BFF7D82-1B51-409B-B6ED-514465C1947C}.Release|Any CPU.ActiveCfg = Release|Any CPU
		{6BFF7D82-1B51-409B-B6ED-514465C1947C}.Release|Any CPU.Build.0 = Release|Any CPU
		{E18FC9F4-49B7-4DF5-8795-E04331F05F7F}.Debug|Any CPU.ActiveCfg = Debug|Any CPU
		{E18FC9F4-49B7-4DF5-8795-E04331F05F7F}.Debug|Any CPU.Build.0 = Debug|Any CPU
		{E18FC9F4-49B7-4DF5-8795-E04331F05F7F}.Release|Any CPU.ActiveCfg = Release|Any CPU
		{E18FC9F4-49B7-4DF5-8795-E04331F05F7F}.Release|Any CPU.Build.0 = Release|Any CPU
	EndGlobalSection
	GlobalSection(SolutionProperties) = preSolution
		HideSolutionNode = FALSE
	EndGlobalSection
	GlobalSection(ExtensibilityGlobals) = postSolution
		SolutionGuid = {CB20CB77-3990-4F7B-A821-B48ACA0C3C27}
	EndGlobalSection
EndGlobal
